// !$*UTF8*$!
{
	archiveVersion = 1;
	classes = {
	};
	objectVersion = 46;
	objects = {

/* Begin PBXBuildFile section */
		002BE98DD7867846E65F723C /* Pods_flixUITests.framework in Frameworks */ = {isa = PBXBuildFile; fileRef = BAC68EF4384477BA1E1DD6A9 /* Pods_flixUITests.framework */; };
		679102C20CCBFE50091848D4 /* Pods_flixTests.framework in Frameworks */ = {isa = PBXBuildFile; fileRef = 6D5EDA6BC544ECB4564E15C8 /* Pods_flixTests.framework */; };
		A824A856711CCCF118B2AE5E /* Pods_flix.framework in Frameworks */ = {isa = PBXBuildFile; fileRef = 2DF04F9201F9D099CD44FE05 /* Pods_flix.framework */; };
		F7695BF11EFB16F900E55BEB /* AppDelegate.swift in Sources */ = {isa = PBXBuildFile; fileRef = F7695BF01EFB16F900E55BEB /* AppDelegate.swift */; };
		F7695BF61EFB16F900E55BEB /* Main.storyboard in Resources */ = {isa = PBXBuildFile; fileRef = F7695BF41EFB16F900E55BEB /* Main.storyboard */; };
		F7695BF81EFB16F900E55BEB /* Assets.xcassets in Resources */ = {isa = PBXBuildFile; fileRef = F7695BF71EFB16F900E55BEB /* Assets.xcassets */; };
		F7695BFB1EFB16F900E55BEB /* LaunchScreen.storyboard in Resources */ = {isa = PBXBuildFile; fileRef = F7695BF91EFB16F900E55BEB /* LaunchScreen.storyboard */; };
		F7695C061EFB16F900E55BEB /* flixTests.swift in Sources */ = {isa = PBXBuildFile; fileRef = F7695C051EFB16F900E55BEB /* flixTests.swift */; };
		F7695C111EFB16F900E55BEB /* flixUITests.swift in Sources */ = {isa = PBXBuildFile; fileRef = F7695C101EFB16F900E55BEB /* flixUITests.swift */; };
		F7695C1F1EFB20FE00E55BEB /* NowPlayingViewController.swift in Sources */ = {isa = PBXBuildFile; fileRef = F7695C1E1EFB20FE00E55BEB /* NowPlayingViewController.swift */; };
		F7695C231EFB368500E55BEB /* MovieCell.swift in Sources */ = {isa = PBXBuildFile; fileRef = F7695C221EFB368500E55BEB /* MovieCell.swift */; };
		F7AF328E1EFC8EB4000A9562 /* DetailViewController.swift in Sources */ = {isa = PBXBuildFile; fileRef = F7AF328D1EFC8EB4000A9562 /* DetailViewController.swift */; };
/* End PBXBuildFile section */

/* Begin PBXContainerItemProxy section */
		F7695C021EFB16F900E55BEB /* PBXContainerItemProxy */ = {
			isa = PBXContainerItemProxy;
			containerPortal = F7695BE51EFB16F900E55BEB /* Project object */;
			proxyType = 1;
			remoteGlobalIDString = F7695BEC1EFB16F900E55BEB;
			remoteInfo = flix;
		};
		F7695C0D1EFB16F900E55BEB /* PBXContainerItemProxy */ = {
			isa = PBXContainerItemProxy;
			containerPortal = F7695BE51EFB16F900E55BEB /* Project object */;
			proxyType = 1;
			remoteGlobalIDString = F7695BEC1EFB16F900E55BEB;
			remoteInfo = flix;
		};
/* End PBXContainerItemProxy section */

/* Begin PBXFileReference section */
		094EC966DAD44D448452490F /* Pods-flixTests.debug.xcconfig */ = {isa = PBXFileReference; includeInIndex = 1; lastKnownFileType = text.xcconfig; name = "Pods-flixTests.debug.xcconfig"; path = "Pods/Target Support Files/Pods-flixTests/Pods-flixTests.debug.xcconfig"; sourceTree = "<group>"; };
		2DF04F9201F9D099CD44FE05 /* Pods_flix.framework */ = {isa = PBXFileReference; explicitFileType = wrapper.framework; includeInIndex = 0; path = Pods_flix.framework; sourceTree = BUILT_PRODUCTS_DIR; };
		68BD0CA797B11EF06E00AFEC /* Pods-flixTests.release.xcconfig */ = {isa = PBXFileReference; includeInIndex = 1; lastKnownFileType = text.xcconfig; name = "Pods-flixTests.release.xcconfig"; path = "Pods/Target Support Files/Pods-flixTests/Pods-flixTests.release.xcconfig"; sourceTree = "<group>"; };
		6D5EDA6BC544ECB4564E15C8 /* Pods_flixTests.framework */ = {isa = PBXFileReference; explicitFileType = wrapper.framework; includeInIndex = 0; path = Pods_flixTests.framework; sourceTree = BUILT_PRODUCTS_DIR; };
		8CEE1BCD838C327586882FCE /* Pods-flix.release.xcconfig */ = {isa = PBXFileReference; includeInIndex = 1; lastKnownFileType = text.xcconfig; name = "Pods-flix.release.xcconfig"; path = "Pods/Target Support Files/Pods-flix/Pods-flix.release.xcconfig"; sourceTree = "<group>"; };
		B15FD2094C33DA4E37C64069 /* Pods-flix.debug.xcconfig */ = {isa = PBXFileReference; includeInIndex = 1; lastKnownFileType = text.xcconfig; name = "Pods-flix.debug.xcconfig"; path = "Pods/Target Support Files/Pods-flix/Pods-flix.debug.xcconfig"; sourceTree = "<group>"; };
		BAC68EF4384477BA1E1DD6A9 /* Pods_flixUITests.framework */ = {isa = PBXFileReference; explicitFileType = wrapper.framework; includeInIndex = 0; path = Pods_flixUITests.framework; sourceTree = BUILT_PRODUCTS_DIR; };
		D688AA0A1090223FA2738D56 /* Pods-flixUITests.debug.xcconfig */ = {isa = PBXFileReference; includeInIndex = 1; lastKnownFileType = text.xcconfig; name = "Pods-flixUITests.debug.xcconfig"; path = "Pods/Target Support Files/Pods-flixUITests/Pods-flixUITests.debug.xcconfig"; sourceTree = "<group>"; };
		EAD3CCDF2097206B8E9CE196 /* Pods-flixUITests.release.xcconfig */ = {isa = PBXFileReference; includeInIndex = 1; lastKnownFileType = text.xcconfig; name = "Pods-flixUITests.release.xcconfig"; path = "Pods/Target Support Files/Pods-flixUITests/Pods-flixUITests.release.xcconfig"; sourceTree = "<group>"; };
		F7695BED1EFB16F900E55BEB /* flix.app */ = {isa = PBXFileReference; explicitFileType = wrapper.application; includeInIndex = 0; path = flix.app; sourceTree = BUILT_PRODUCTS_DIR; };
		F7695BF01EFB16F900E55BEB /* AppDelegate.swift */ = {isa = PBXFileReference; lastKnownFileType = sourcecode.swift; path = AppDelegate.swift; sourceTree = "<group>"; };
		F7695BF51EFB16F900E55BEB /* Base */ = {isa = PBXFileReference; lastKnownFileType = file.storyboard; name = Base; path = Base.lproj/Main.storyboard; sourceTree = "<group>"; };
		F7695BF71EFB16F900E55BEB /* Assets.xcassets */ = {isa = PBXFileReference; lastKnownFileType = folder.assetcatalog; path = Assets.xcassets; sourceTree = "<group>"; };
		F7695BFA1EFB16F900E55BEB /* Base */ = {isa = PBXFileReference; lastKnownFileType = file.storyboard; name = Base; path = Base.lproj/LaunchScreen.storyboard; sourceTree = "<group>"; };
		F7695BFC1EFB16F900E55BEB /* Info.plist */ = {isa = PBXFileReference; lastKnownFileType = text.plist.xml; path = Info.plist; sourceTree = "<group>"; };
		F7695C011EFB16F900E55BEB /* flixTests.xctest */ = {isa = PBXFileReference; explicitFileType = wrapper.cfbundle; includeInIndex = 0; path = flixTests.xctest; sourceTree = BUILT_PRODUCTS_DIR; };
		F7695C051EFB16F900E55BEB /* flixTests.swift */ = {isa = PBXFileReference; lastKnownFileType = sourcecode.swift; path = flixTests.swift; sourceTree = "<group>"; };
		F7695C071EFB16F900E55BEB /* Info.plist */ = {isa = PBXFileReference; lastKnownFileType = text.plist.xml; path = Info.plist; sourceTree = "<group>"; };
		F7695C0C1EFB16F900E55BEB /* flixUITests.xctest */ = {isa = PBXFileReference; explicitFileType = wrapper.cfbundle; includeInIndex = 0; path = flixUITests.xctest; sourceTree = BUILT_PRODUCTS_DIR; };
		F7695C101EFB16F900E55BEB /* flixUITests.swift */ = {isa = PBXFileReference; lastKnownFileType = sourcecode.swift; path = flixUITests.swift; sourceTree = "<group>"; };
		F7695C121EFB16F900E55BEB /* Info.plist */ = {isa = PBXFileReference; lastKnownFileType = text.plist.xml; path = Info.plist; sourceTree = "<group>"; };
		F7695C1E1EFB20FE00E55BEB /* NowPlayingViewController.swift */ = {isa = PBXFileReference; fileEncoding = 4; lastKnownFileType = sourcecode.swift; path = NowPlayingViewController.swift; sourceTree = "<group>"; };
		F7695C221EFB368500E55BEB /* MovieCell.swift */ = {isa = PBXFileReference; fileEncoding = 4; lastKnownFileType = sourcecode.swift; path = MovieCell.swift; sourceTree = "<group>"; };
		F7AF328D1EFC8EB4000A9562 /* DetailViewController.swift */ = {isa = PBXFileReference; fileEncoding = 4; lastKnownFileType = sourcecode.swift; path = DetailViewController.swift; sourceTree = "<group>"; };
/* End PBXFileReference section */

/* Begin PBXFrameworksBuildPhase section */
		F7695BEA1EFB16F900E55BEB /* Frameworks */ = {
			isa = PBXFrameworksBuildPhase;
			buildActionMask = 2147483647;
			files = (
				A824A856711CCCF118B2AE5E /* Pods_flix.framework in Frameworks */,
			);
			runOnlyForDeploymentPostprocessing = 0;
		};
		F7695BFE1EFB16F900E55BEB /* Frameworks */ = {
			isa = PBXFrameworksBuildPhase;
			buildActionMask = 2147483647;
			files = (
				679102C20CCBFE50091848D4 /* Pods_flixTests.framework in Frameworks */,
			);
			runOnlyForDeploymentPostprocessing = 0;
		};
		F7695C091EFB16F900E55BEB /* Frameworks */ = {
			isa = PBXFrameworksBuildPhase;
			buildActionMask = 2147483647;
			files = (
				002BE98DD7867846E65F723C /* Pods_flixUITests.framework in Frameworks */,
			);
			runOnlyForDeploymentPostprocessing = 0;
		};
/* End PBXFrameworksBuildPhase section */

/* Begin PBXGroup section */
		C43870D23B0B115C52B4CB92 /* Pods */ = {
			isa = PBXGroup;
			children = (
				B15FD2094C33DA4E37C64069 /* Pods-flix.debug.xcconfig */,
				8CEE1BCD838C327586882FCE /* Pods-flix.release.xcconfig */,
				094EC966DAD44D448452490F /* Pods-flixTests.debug.xcconfig */,
				68BD0CA797B11EF06E00AFEC /* Pods-flixTests.release.xcconfig */,
				D688AA0A1090223FA2738D56 /* Pods-flixUITests.debug.xcconfig */,
				EAD3CCDF2097206B8E9CE196 /* Pods-flixUITests.release.xcconfig */,
			);
			name = Pods;
			sourceTree = "<group>";
		};
		D72046FB85306E398B409999 /* Frameworks */ = {
			isa = PBXGroup;
			children = (
				2DF04F9201F9D099CD44FE05 /* Pods_flix.framework */,
				6D5EDA6BC544ECB4564E15C8 /* Pods_flixTests.framework */,
				BAC68EF4384477BA1E1DD6A9 /* Pods_flixUITests.framework */,
			);
			name = Frameworks;
			sourceTree = "<group>";
		};
		F7695BE41EFB16F900E55BEB = {
			isa = PBXGroup;
			children = (
				F7695BEF1EFB16F900E55BEB /* flix */,
				F7695C041EFB16F900E55BEB /* flixTests */,
				F7695C0F1EFB16F900E55BEB /* flixUITests */,
				F7695BEE1EFB16F900E55BEB /* Products */,
				C43870D23B0B115C52B4CB92 /* Pods */,
				D72046FB85306E398B409999 /* Frameworks */,
			);
			sourceTree = "<group>";
		};
		F7695BEE1EFB16F900E55BEB /* Products */ = {
			isa = PBXGroup;
			children = (
				F7695BED1EFB16F900E55BEB /* flix.app */,
				F7695C011EFB16F900E55BEB /* flixTests.xctest */,
				F7695C0C1EFB16F900E55BEB /* flixUITests.xctest */,
			);
			name = Products;
			sourceTree = "<group>";
		};
		F7695BEF1EFB16F900E55BEB /* flix */ = {
			isa = PBXGroup;
			children = (
				F7AF328C1EFC8DB9000A9562 /* Views */,
				F7AF328B1EFC8DAC000A9562 /* ViewControllers */,
				F7695BF01EFB16F900E55BEB /* AppDelegate.swift */,
				F7695BF41EFB16F900E55BEB /* Main.storyboard */,
				F7695BF71EFB16F900E55BEB /* Assets.xcassets */,
				F7695BF91EFB16F900E55BEB /* LaunchScreen.storyboard */,
				F7695BFC1EFB16F900E55BEB /* Info.plist */,
			);
			path = flix;
			sourceTree = "<group>";
		};
		F7695C041EFB16F900E55BEB /* flixTests */ = {
			isa = PBXGroup;
			children = (
				F7695C051EFB16F900E55BEB /* flixTests.swift */,
				F7695C071EFB16F900E55BEB /* Info.plist */,
			);
			path = flixTests;
			sourceTree = "<group>";
		};
		F7695C0F1EFB16F900E55BEB /* flixUITests */ = {
			isa = PBXGroup;
			children = (
				F7695C101EFB16F900E55BEB /* flixUITests.swift */,
				F7695C121EFB16F900E55BEB /* Info.plist */,
			);
			path = flixUITests;
			sourceTree = "<group>";
		};
		F7AF328B1EFC8DAC000A9562 /* ViewControllers */ = {
			isa = PBXGroup;
			children = (
				F7695C1E1EFB20FE00E55BEB /* NowPlayingViewController.swift */,
				F7AF328D1EFC8EB4000A9562 /* DetailViewController.swift */,
			);
			name = ViewControllers;
			sourceTree = "<group>";
		};
		F7AF328C1EFC8DB9000A9562 /* Views */ = {
			isa = PBXGroup;
			children = (
				F7695C221EFB368500E55BEB /* MovieCell.swift */,
			);
			name = Views;
			sourceTree = "<group>";
		};
/* End PBXGroup section */

/* Begin PBXNativeTarget section */
		F7695BEC1EFB16F900E55BEB /* flix */ = {
			isa = PBXNativeTarget;
			buildConfigurationList = F7695C151EFB16F900E55BEB /* Build configuration list for PBXNativeTarget "flix" */;
			buildPhases = (
				15A1D0256A414FFC1469223C /* [CP] Check Pods Manifest.lock */,
				F7695BE91EFB16F900E55BEB /* Sources */,
				F7695BEA1EFB16F900E55BEB /* Frameworks */,
				F7695BEB1EFB16F900E55BEB /* Resources */,
				5BED707A23C6A9470A2CB5AA /* [CP] Embed Pods Frameworks */,
				3AFDA8BBAEDDCA7431C0802A /* [CP] Copy Pods Resources */,
			);
			buildRules = (
			);
			dependencies = (
			);
			name = flix;
			productName = flix;
			productReference = F7695BED1EFB16F900E55BEB /* flix.app */;
			productType = "com.apple.product-type.application";
		};
		F7695C001EFB16F900E55BEB /* flixTests */ = {
			isa = PBXNativeTarget;
			buildConfigurationList = F7695C181EFB16F900E55BEB /* Build configuration list for PBXNativeTarget "flixTests" */;
			buildPhases = (
				453FB5FE0BCC2A7C3EC0BAA1 /* [CP] Check Pods Manifest.lock */,
				F7695BFD1EFB16F900E55BEB /* Sources */,
				F7695BFE1EFB16F900E55BEB /* Frameworks */,
				F7695BFF1EFB16F900E55BEB /* Resources */,
				6BFF38EB09B6E463949C8C9F /* [CP] Embed Pods Frameworks */,
				DF930410C92E7D97FB957D0A /* [CP] Copy Pods Resources */,
			);
			buildRules = (
			);
			dependencies = (
				F7695C031EFB16F900E55BEB /* PBXTargetDependency */,
			);
			name = flixTests;
			productName = flixTests;
			productReference = F7695C011EFB16F900E55BEB /* flixTests.xctest */;
			productType = "com.apple.product-type.bundle.unit-test";
		};
		F7695C0B1EFB16F900E55BEB /* flixUITests */ = {
			isa = PBXNativeTarget;
			buildConfigurationList = F7695C1B1EFB16F900E55BEB /* Build configuration list for PBXNativeTarget "flixUITests" */;
			buildPhases = (
				A55E7AB811EE28D99E2AC429 /* [CP] Check Pods Manifest.lock */,
				F7695C081EFB16F900E55BEB /* Sources */,
				F7695C091EFB16F900E55BEB /* Frameworks */,
				F7695C0A1EFB16F900E55BEB /* Resources */,
				D5F467A773E29C7DD03A2D85 /* [CP] Embed Pods Frameworks */,
				E16F8BCB103EDFD8F052F9D0 /* [CP] Copy Pods Resources */,
			);
			buildRules = (
			);
			dependencies = (
				F7695C0E1EFB16F900E55BEB /* PBXTargetDependency */,
			);
			name = flixUITests;
			productName = flixUITests;
			productReference = F7695C0C1EFB16F900E55BEB /* flixUITests.xctest */;
			productType = "com.apple.product-type.bundle.ui-testing";
		};
/* End PBXNativeTarget section */

/* Begin PBXProject section */
		F7695BE51EFB16F900E55BEB /* Project object */ = {
			isa = PBXProject;
			attributes = {
				LastSwiftUpdateCheck = 0830;
				LastUpgradeCheck = 0830;
				ORGANIZATIONNAME = "Tyler Holloway";
				TargetAttributes = {
					F7695BEC1EFB16F900E55BEB = {
						CreatedOnToolsVersion = 8.3.3;
						ProvisioningStyle = Automatic;
					};
					F7695C001EFB16F900E55BEB = {
						CreatedOnToolsVersion = 8.3.3;
						ProvisioningStyle = Automatic;
						TestTargetID = F7695BEC1EFB16F900E55BEB;
					};
					F7695C0B1EFB16F900E55BEB = {
						CreatedOnToolsVersion = 8.3.3;
						ProvisioningStyle = Automatic;
						TestTargetID = F7695BEC1EFB16F900E55BEB;
					};
				};
			};
			buildConfigurationList = F7695BE81EFB16F900E55BEB /* Build configuration list for PBXProject "flix" */;
			compatibilityVersion = "Xcode 3.2";
			developmentRegion = English;
			hasScannedForEncodings = 0;
			knownRegions = (
				en,
				Base,
			);
			mainGroup = F7695BE41EFB16F900E55BEB;
			productRefGroup = F7695BEE1EFB16F900E55BEB /* Products */;
			projectDirPath = "";
			projectRoot = "";
			targets = (
				F7695BEC1EFB16F900E55BEB /* flix */,
				F7695C001EFB16F900E55BEB /* flixTests */,
				F7695C0B1EFB16F900E55BEB /* flixUITests */,
			);
		};
/* End PBXProject section */

/* Begin PBXResourcesBuildPhase section */
		F7695BEB1EFB16F900E55BEB /* Resources */ = {
			isa = PBXResourcesBuildPhase;
			buildActionMask = 2147483647;
			files = (
				F7695BFB1EFB16F900E55BEB /* LaunchScreen.storyboard in Resources */,
				F7695BF81EFB16F900E55BEB /* Assets.xcassets in Resources */,
				F7695BF61EFB16F900E55BEB /* Main.storyboard in Resources */,
			);
			runOnlyForDeploymentPostprocessing = 0;
		};
		F7695BFF1EFB16F900E55BEB /* Resources */ = {
			isa = PBXResourcesBuildPhase;
			buildActionMask = 2147483647;
			files = (
			);
			runOnlyForDeploymentPostprocessing = 0;
		};
		F7695C0A1EFB16F900E55BEB /* Resources */ = {
			isa = PBXResourcesBuildPhase;
			buildActionMask = 2147483647;
			files = (
			);
			runOnlyForDeploymentPostprocessing = 0;
		};
/* End PBXResourcesBuildPhase section */

/* Begin PBXShellScriptBuildPhase section */
		15A1D0256A414FFC1469223C /* [CP] Check Pods Manifest.lock */ = {
			isa = PBXShellScriptBuildPhase;
			buildActionMask = 2147483647;
			files = (
			);
			inputPaths = (
			);
			name = "[CP] Check Pods Manifest.lock";
			outputPaths = (
			);
			runOnlyForDeploymentPostprocessing = 0;
			shellPath = /bin/sh;
			shellScript = "diff \"${PODS_PODFILE_DIR_PATH}/Podfile.lock\" \"${PODS_ROOT}/Manifest.lock\" > /dev/null\nif [ $? != 0 ] ; then\n    # print error to STDERR\n    echo \"error: The sandbox is not in sync with the Podfile.lock. Run 'pod install' or update your CocoaPods installation.\" >&2\n    exit 1\nfi\n";
			showEnvVarsInLog = 0;
		};
		3AFDA8BBAEDDCA7431C0802A /* [CP] Copy Pods Resources */ = {
			isa = PBXShellScriptBuildPhase;
			buildActionMask = 2147483647;
			files = (
			);
			inputPaths = (
			);
			name = "[CP] Copy Pods Resources";
			outputPaths = (
			);
			runOnlyForDeploymentPostprocessing = 0;
			shellPath = /bin/sh;
			shellScript = "\"${SRCROOT}/Pods/Target Support Files/Pods-flix/Pods-flix-resources.sh\"\n";
			showEnvVarsInLog = 0;
		};
		453FB5FE0BCC2A7C3EC0BAA1 /* [CP] Check Pods Manifest.lock */ = {
			isa = PBXShellScriptBuildPhase;
			buildActionMask = 2147483647;
			files = (
			);
			inputPaths = (
			);
			name = "[CP] Check Pods Manifest.lock";
			outputPaths = (
			);
			runOnlyForDeploymentPostprocessing = 0;
			shellPath = /bin/sh;
			shellScript = "diff \"${PODS_PODFILE_DIR_PATH}/Podfile.lock\" \"${PODS_ROOT}/Manifest.lock\" > /dev/null\nif [ $? != 0 ] ; then\n    # print error to STDERR\n    echo \"error: The sandbox is not in sync with the Podfile.lock. Run 'pod install' or update your CocoaPods installation.\" >&2\n    exit 1\nfi\n";
			showEnvVarsInLog = 0;
		};
		5BED707A23C6A9470A2CB5AA /* [CP] Embed Pods Frameworks */ = {
			isa = PBXShellScriptBuildPhase;
			buildActionMask = 2147483647;
			files = (
			);
			inputPaths = (
			);
			name = "[CP] Embed Pods Frameworks";
			outputPaths = (
			);
			runOnlyForDeploymentPostprocessing = 0;
			shellPath = /bin/sh;
			shellScript = "\"${SRCROOT}/Pods/Target Support Files/Pods-flix/Pods-flix-frameworks.sh\"\n";
			showEnvVarsInLog = 0;
		};
		6BFF38EB09B6E463949C8C9F /* [CP] Embed Pods Frameworks */ = {
			isa = PBXShellScriptBuildPhase;
			buildActionMask = 2147483647;
			files = (
			);
			inputPaths = (
			);
			name = "[CP] Embed Pods Frameworks";
			outputPaths = (
			);
			runOnlyForDeploymentPostprocessing = 0;
			shellPath = /bin/sh;
			shellScript = "\"${SRCROOT}/Pods/Target Support Files/Pods-flixTests/Pods-flixTests-frameworks.sh\"\n";
			showEnvVarsInLog = 0;
		};
		A55E7AB811EE28D99E2AC429 /* [CP] Check Pods Manifest.lock */ = {
			isa = PBXShellScriptBuildPhase;
			buildActionMask = 2147483647;
			files = (
			);
			inputPaths = (
			);
			name = "[CP] Check Pods Manifest.lock";
			outputPaths = (
			);
			runOnlyForDeploymentPostprocessing = 0;
			shellPath = /bin/sh;
			shellScript = "diff \"${PODS_PODFILE_DIR_PATH}/Podfile.lock\" \"${PODS_ROOT}/Manifest.lock\" > /dev/null\nif [ $? != 0 ] ; then\n    # print error to STDERR\n    echo \"error: The sandbox is not in sync with the Podfile.lock. Run 'pod install' or update your CocoaPods installation.\" >&2\n    exit 1\nfi\n";
			showEnvVarsInLog = 0;
		};
		D5F467A773E29C7DD03A2D85 /* [CP] Embed Pods Frameworks */ = {
			isa = PBXShellScriptBuildPhase;
			buildActionMask = 2147483647;
			files = (
			);
			inputPaths = (
			);
			name = "[CP] Embed Pods Frameworks";
			outputPaths = (
			);
			runOnlyForDeploymentPostprocessing = 0;
			shellPath = /bin/sh;
			shellScript = "\"${SRCROOT}/Pods/Target Support Files/Pods-flixUITests/Pods-flixUITests-frameworks.sh\"\n";
			showEnvVarsInLog = 0;
		};
		DF930410C92E7D97FB957D0A /* [CP] Copy Pods Resources */ = {
			isa = PBXShellScriptBuildPhase;
			buildActionMask = 2147483647;
			files = (
			);
			inputPaths = (
			);
			name = "[CP] Copy Pods Resources";
			outputPaths = (
			);
			runOnlyForDeploymentPostprocessing = 0;
			shellPath = /bin/sh;
			shellScript = "\"${SRCROOT}/Pods/Target Support Files/Pods-flixTests/Pods-flixTests-resources.sh\"\n";
			showEnvVarsInLog = 0;
		};
		E16F8BCB103EDFD8F052F9D0 /* [CP] Copy Pods Resources */ = {
			isa = PBXShellScriptBuildPhase;
			buildActionMask = 2147483647;
			files = (
			);
			inputPaths = (
			);
			name = "[CP] Copy Pods Resources";
			outputPaths = (
			);
			runOnlyForDeploymentPostprocessing = 0;
			shellPath = /bin/sh;
			shellScript = "\"${SRCROOT}/Pods/Target Support Files/Pods-flixUITests/Pods-flixUITests-resources.sh\"\n";
			showEnvVarsInLog = 0;
		};
/* End PBXShellScriptBuildPhase section */

/* Begin PBXSourcesBuildPhase section */
		F7695BE91EFB16F900E55BEB /* Sources */ = {
			isa = PBXSourcesBuildPhase;
			buildActionMask = 2147483647;
			files = (
				F7695C1F1EFB20FE00E55BEB /* NowPlayingViewController.swift in Sources */,
				F7AF328E1EFC8EB4000A9562 /* DetailViewController.swift in Sources */,
				F7695C231EFB368500E55BEB /* MovieCell.swift in Sources */,
				F7695BF11EFB16F900E55BEB /* AppDelegate.swift in Sources */,
			);
			runOnlyForDeploymentPostprocessing = 0;
		};
		F7695BFD1EFB16F900E55BEB /* Sources */ = {
			isa = PBXSourcesBuildPhase;
			buildActionMask = 2147483647;
			files = (
				F7695C061EFB16F900E55BEB /* flixTests.swift in Sources */,
			);
			runOnlyForDeploymentPostprocessing = 0;
		};
		F7695C081EFB16F900E55BEB /* Sources */ = {
			isa = PBXSourcesBuildPhase;
			buildActionMask = 2147483647;
			files = (
				F7695C111EFB16F900E55BEB /* flixUITests.swift in Sources */,
			);
			runOnlyForDeploymentPostprocessing = 0;
		};
/* End PBXSourcesBuildPhase section */

/* Begin PBXTargetDependency section */
		F7695C031EFB16F900E55BEB /* PBXTargetDependency */ = {
			isa = PBXTargetDependency;
			target = F7695BEC1EFB16F900E55BEB /* flix */;
			targetProxy = F7695C021EFB16F900E55BEB /* PBXContainerItemProxy */;
		};
		F7695C0E1EFB16F900E55BEB /* PBXTargetDependency */ = {
			isa = PBXTargetDependency;
			target = F7695BEC1EFB16F900E55BEB /* flix */;
			targetProxy = F7695C0D1EFB16F900E55BEB /* PBXContainerItemProxy */;
		};
/* End PBXTargetDependency section */

/* Begin PBXVariantGroup section */
		F7695BF41EFB16F900E55BEB /* Main.storyboard */ = {
			isa = PBXVariantGroup;
			children = (
				F7695BF51EFB16F900E55BEB /* Base */,
			);
			name = Main.storyboard;
			sourceTree = "<group>";
		};
		F7695BF91EFB16F900E55BEB /* LaunchScreen.storyboard */ = {
			isa = PBXVariantGroup;
			children = (
				F7695BFA1EFB16F900E55BEB /* Base */,
			);
			name = LaunchScreen.storyboard;
			sourceTree = "<group>";
		};
/* End PBXVariantGroup section */

/* Begin XCBuildConfiguration section */
		F7695C131EFB16F900E55BEB /* Debug */ = {
			isa = XCBuildConfiguration;
			buildSettings = {
				ALWAYS_SEARCH_USER_PATHS = NO;
				CLANG_ANALYZER_NONNULL = YES;
				CLANG_ANALYZER_NUMBER_OBJECT_CONVERSION = YES_AGGRESSIVE;
				CLANG_CXX_LANGUAGE_STANDARD = "gnu++0x";
				CLANG_CXX_LIBRARY = "libc++";
				CLANG_ENABLE_MODULES = YES;
				CLANG_ENABLE_OBJC_ARC = YES;
				CLANG_WARN_BOOL_CONVERSION = YES;
				CLANG_WARN_CONSTANT_CONVERSION = YES;
				CLANG_WARN_DIRECT_OBJC_ISA_USAGE = YES_ERROR;
				CLANG_WARN_DOCUMENTATION_COMMENTS = YES;
				CLANG_WARN_EMPTY_BODY = YES;
				CLANG_WARN_ENUM_CONVERSION = YES;
				CLANG_WARN_INFINITE_RECURSION = YES;
				CLANG_WARN_INT_CONVERSION = YES;
				CLANG_WARN_OBJC_ROOT_CLASS = YES_ERROR;
				CLANG_WARN_SUSPICIOUS_MOVE = YES;
				CLANG_WARN_UNREACHABLE_CODE = YES;
				CLANG_WARN__DUPLICATE_METHOD_MATCH = YES;
				"CODE_SIGN_IDENTITY[sdk=iphoneos*]" = "iPhone Developer";
				COPY_PHASE_STRIP = NO;
				DEBUG_INFORMATION_FORMAT = dwarf;
				ENABLE_STRICT_OBJC_MSGSEND = YES;
				ENABLE_TESTABILITY = YES;
				GCC_C_LANGUAGE_STANDARD = gnu99;
				GCC_DYNAMIC_NO_PIC = NO;
				GCC_NO_COMMON_BLOCKS = YES;
				GCC_OPTIMIZATION_LEVEL = 0;
				GCC_PREPROCESSOR_DEFINITIONS = (
					"DEBUG=1",
					"$(inherited)",
				);
				GCC_WARN_64_TO_32_BIT_CONVERSION = YES;
				GCC_WARN_ABOUT_RETURN_TYPE = YES_ERROR;
				GCC_WARN_UNDECLARED_SELECTOR = YES;
				GCC_WARN_UNINITIALIZED_AUTOS = YES_AGGRESSIVE;
				GCC_WARN_UNUSED_FUNCTION = YES;
				GCC_WARN_UNUSED_VARIABLE = YES;
				IPHONEOS_DEPLOYMENT_TARGET = 10.3;
				MTL_ENABLE_DEBUG_INFO = YES;
				ONLY_ACTIVE_ARCH = YES;
				SDKROOT = iphoneos;
				SWIFT_ACTIVE_COMPILATION_CONDITIONS = DEBUG;
				SWIFT_OPTIMIZATION_LEVEL = "-Onone";
			};
			name = Debug;
		};
		F7695C141EFB16F900E55BEB /* Release */ = {
			isa = XCBuildConfiguration;
			buildSettings = {
				ALWAYS_SEARCH_USER_PATHS = NO;
				CLANG_ANALYZER_NONNULL = YES;
				CLANG_ANALYZER_NUMBER_OBJECT_CONVERSION = YES_AGGRESSIVE;
				CLANG_CXX_LANGUAGE_STANDARD = "gnu++0x";
				CLANG_CXX_LIBRARY = "libc++";
				CLANG_ENABLE_MODULES = YES;
				CLANG_ENABLE_OBJC_ARC = YES;
				CLANG_WARN_BOOL_CONVERSION = YES;
				CLANG_WARN_CONSTANT_CONVERSION = YES;
				CLANG_WARN_DIRECT_OBJC_ISA_USAGE = YES_ERROR;
				CLANG_WARN_DOCUMENTATION_COMMENTS = YES;
				CLANG_WARN_EMPTY_BODY = YES;
				CLANG_WARN_ENUM_CONVERSION = YES;
				CLANG_WARN_INFINITE_RECURSION = YES;
				CLANG_WARN_INT_CONVERSION = YES;
				CLANG_WARN_OBJC_ROOT_CLASS = YES_ERROR;
				CLANG_WARN_SUSPICIOUS_MOVE = YES;
				CLANG_WARN_UNREACHABLE_CODE = YES;
				CLANG_WARN__DUPLICATE_METHOD_MATCH = YES;
				"CODE_SIGN_IDENTITY[sdk=iphoneos*]" = "iPhone Developer";
				COPY_PHASE_STRIP = NO;
				DEBUG_INFORMATION_FORMAT = "dwarf-with-dsym";
				ENABLE_NS_ASSERTIONS = NO;
				ENABLE_STRICT_OBJC_MSGSEND = YES;
				GCC_C_LANGUAGE_STANDARD = gnu99;
				GCC_NO_COMMON_BLOCKS = YES;
				GCC_WARN_64_TO_32_BIT_CONVERSION = YES;
				GCC_WARN_ABOUT_RETURN_TYPE = YES_ERROR;
				GCC_WARN_UNDECLARED_SELECTOR = YES;
				GCC_WARN_UNINITIALIZED_AUTOS = YES_AGGRESSIVE;
				GCC_WARN_UNUSED_FUNCTION = YES;
				GCC_WARN_UNUSED_VARIABLE = YES;
				IPHONEOS_DEPLOYMENT_TARGET = 10.3;
				MTL_ENABLE_DEBUG_INFO = NO;
				SDKROOT = iphoneos;
				SWIFT_OPTIMIZATION_LEVEL = "-Owholemodule";
				VALIDATE_PRODUCT = YES;
			};
			name = Release;
		};
		F7695C161EFB16F900E55BEB /* Debug */ = {
			isa = XCBuildConfiguration;
			baseConfigurationReference = B15FD2094C33DA4E37C64069 /* Pods-flix.debug.xcconfig */;
			buildSettings = {
				ASSETCATALOG_COMPILER_APPICON_NAME = AppIcon;
				INFOPLIST_FILE = flix/Info.plist;
				LD_RUNPATH_SEARCH_PATHS = "$(inherited) @executable_path/Frameworks";
				PRODUCT_BUNDLE_IDENTIFIER = com.FBU.Tyler.flix;
				PRODUCT_NAME = "$(TARGET_NAME)";
				SWIFT_VERSION = 3.0;
			};
			name = Debug;
		};
		F7695C171EFB16F900E55BEB /* Release */ = {
			isa = XCBuildConfiguration;
			baseConfigurationReference = 8CEE1BCD838C327586882FCE /* Pods-flix.release.xcconfig */;
			buildSettings = {
				ASSETCATALOG_COMPILER_APPICON_NAME = AppIcon;
				INFOPLIST_FILE = flix/Info.plist;
				LD_RUNPATH_SEARCH_PATHS = "$(inherited) @executable_path/Frameworks";
				PRODUCT_BUNDLE_IDENTIFIER = com.FBU.Tyler.flix;
				PRODUCT_NAME = "$(TARGET_NAME)";
				SWIFT_VERSION = 3.0;
			};
			name = Release;
		};
		F7695C191EFB16F900E55BEB /* Debug */ = {
			isa = XCBuildConfiguration;
			baseConfigurationReference = 094EC966DAD44D448452490F /* Pods-flixTests.debug.xcconfig */;
			buildSettings = {
				ALWAYS_EMBED_SWIFT_STANDARD_LIBRARIES = YES;
				BUNDLE_LOADER = "$(TEST_HOST)";
				INFOPLIST_FILE = flixTests/Info.plist;
				LD_RUNPATH_SEARCH_PATHS = "$(inherited) @executable_path/Frameworks @loader_path/Frameworks";
				PRODUCT_BUNDLE_IDENTIFIER = com.FBU.Tyler.flixTests;
				PRODUCT_NAME = "$(TARGET_NAME)";
				SWIFT_VERSION = 3.0;
				TEST_HOST = "$(BUILT_PRODUCTS_DIR)/flix.app/flix";
			};
			name = Debug;
		};
		F7695C1A1EFB16F900E55BEB /* Release */ = {
			isa = XCBuildConfiguration;
			baseConfigurationReference = 68BD0CA797B11EF06E00AFEC /* Pods-flixTests.release.xcconfig */;
			buildSettings = {
				ALWAYS_EMBED_SWIFT_STANDARD_LIBRARIES = YES;
				BUNDLE_LOADER = "$(TEST_HOST)";
				INFOPLIST_FILE = flixTests/Info.plist;
				LD_RUNPATH_SEARCH_PATHS = "$(inherited) @executable_path/Frameworks @loader_path/Frameworks";
				PRODUCT_BUNDLE_IDENTIFIER = com.FBU.Tyler.flixTests;
				PRODUCT_NAME = "$(TARGET_NAME)";
				SWIFT_VERSION = 3.0;
				TEST_HOST = "$(BUILT_PRODUCTS_DIR)/flix.app/flix";
			};
			name = Release;
		};
		F7695C1C1EFB16F900E55BEB /* Debug */ = {
			isa = XCBuildConfiguration;
			baseConfigurationReference = D688AA0A1090223FA2738D56 /* Pods-flixUITests.debug.xcconfig */;
			buildSettings = {
				ALWAYS_EMBED_SWIFT_STANDARD_LIBRARIES = YES;
				INFOPLIST_FILE = flixUITests/Info.plist;
				LD_RUNPATH_SEARCH_PATHS = "$(inherited) @executable_path/Frameworks @loader_path/Frameworks";
				PRODUCT_BUNDLE_IDENTIFIER = com.FBU.Tyler.flixUITests;
				PRODUCT_NAME = "$(TARGET_NAME)";
				SWIFT_VERSION = 3.0;
				TEST_TARGET_NAME = flix;
			};
			name = Debug;
		};
		F7695C1D1EFB16F900E55BEB /* Release */ = {
			isa = XCBuildConfiguration;
			baseConfigurationReference = EAD3CCDF2097206B8E9CE196 /* Pods-flixUITests.release.xcconfig */;
			buildSettings = {
				ALWAYS_EMBED_SWIFT_STANDARD_LIBRARIES = YES;
				INFOPLIST_FILE = flixUITests/Info.plist;
				LD_RUNPATH_SEARCH_PATHS = "$(inherited) @executable_path/Frameworks @loader_path/Frameworks";
				PRODUCT_BUNDLE_IDENTIFIER = com.FBU.Tyler.flixUITests;
				PRODUCT_NAME = "$(TARGET_NAME)";
				SWIFT_VERSION = 3.0;
				TEST_TARGET_NAME = flix;
			};
			name = Release;
		};
/* End XCBuildConfiguration section */

/* Begin XCConfigurationList section */
		F7695BE81EFB16F900E55BEB /* Build configuration list for PBXProject "flix" */ = {
			isa = XCConfigurationList;
			buildConfigurations = (
				F7695C131EFB16F900E55BEB /* Debug */,
				F7695C141EFB16F900E55BEB /* Release */,
			);
			defaultConfigurationIsVisible = 0;
			defaultConfigurationName = Release;
		};
		F7695C151EFB16F900E55BEB /* Build configuration list for PBXNativeTarget "flix" */ = {
			isa = XCConfigurationList;
			buildConfigurations = (
				F7695C161EFB16F900E55BEB /* Debug */,
				F7695C171EFB16F900E55BEB /* Release */,
			);
			defaultConfigurationIsVisible = 0;
			defaultConfigurationName = Release;
		};
		F7695C181EFB16F900E55BEB /* Build configuration list for PBXNativeTarget "flixTests" */ = {
			isa = XCConfigurationList;
			buildConfigurations = (
				F7695C191EFB16F900E55BEB /* Debug */,
				F7695C1A1EFB16F900E55BEB /* Release */,
			);
			defaultConfigurationIsVisible = 0;
			defaultConfigurationName = Release;
		};
		F7695C1B1EFB16F900E55BEB /* Build configuration list for PBXNativeTarget "flixUITests" */ = {
			isa = XCConfigurationList;
			buildConfigurations = (
				F7695C1C1EFB16F900E55BEB /* Debug */,
				F7695C1D1EFB16F900E55BEB /* Release */,
			);
			defaultConfigurationIsVisible = 0;
			defaultConfigurationName = Release;
		};
/* End XCConfigurationList section */
	};
	rootObject = F7695BE51EFB16F900E55BEB /* Project object */;
}
